
Microsoft Visual Studio Solution File, Format Version 12.00
# Visual Studio Version 16
VisualStudioVersion = 16.0.31129.286
MinimumVisualStudioVersion = 10.0.40219.1
Project("{FAE04EC0-301F-11D3-BF4B-00C04F79EFBC}") = "Fiskarn", "Fiskarn\Fiskarn.csproj", "{E9307008-3B27-467D-BF62-66FAC6741802}"
EndProject
Project("{FAE04EC0-301F-11D3-BF4B-00C04F79EFBC}") = "Fiskarn.UI", "Fiskarn.UI\Fiskarn.UI.csproj", "{3510393E-6753-4211-BCB3-7BAE797E5869}"
EndProject
Global
	GlobalSection(SolutionConfigurationPlatforms) = preSolution
		Debug|Any CPU = Debug|Any CPU
		Release|Any CPU = Release|Any CPU
	EndGlobalSection
	GlobalSection(ProjectConfigurationPlatforms) = postSolution
		{E9307008-3B27-467D-BF62-66FAC6741802}.Debug|Any CPU.ActiveCfg = Debug|Any CPU
		{E9307008-3B27-467D-BF62-66FAC6741802}.Debug|Any CPU.Build.0 = Debug|Any CPU
		{E9307008-3B27-467D-BF62-66FAC6741802}.Release|Any CPU.ActiveCfg = Release|Any CPU
		{E9307008-3B27-467D-BF62-66FAC6741802}.Release|Any CPU.Build.0 = Release|Any CPU
		{3510393E-6753-4211-BCB3-7BAE797E5869}.Debug|Any CPU.ActiveCfg = Debug|Any CPU
		{3510393E-6753-4211-BCB3-7BAE797E5869}.Debug|Any CPU.Build.0 = Debug|Any CPU
		{3510393E-6753-4211-BCB3-7BAE797E5869}.Release|Any CPU.ActiveCfg = Release|Any CPU
		{3510393E-6753-4211-BCB3-7BAE797E5869}.Release|Any CPU.Build.0 = Release|Any CPU
	EndGlobalSection
	GlobalSection(SolutionProperties) = preSolution
		HideSolutionNode = FALSE
	EndGlobalSection
	GlobalSection(ExtensibilityGlobals) = postSolution
		SolutionGuid = {7260339F-2D86-41FE-ADAE-E58A7B3DAF78}
	EndGlobalSection
EndGlobal
